
Microsoft Visual Studio Solution File, Format Version 12.00
# Visual Studio Version 17
VisualStudioVersion = 17.8.34316.72
MinimumVisualStudioVersion = 10.0.40219.1
Project("{2150E333-8FDC-42A3-9474-1A3956D46DE8}") = "ApiConsume", "ApiConsume", "{58C0ED2F-426C-4CBD-AA82-36D73C33E344}"
EndProject
Project("{2150E333-8FDC-42A3-9474-1A3956D46DE8}") = "Frontend", "Frontend", "{02E4BF8B-2B8F-4716-AEBD-78BF42B5C8AE}"
EndProject
Project("{9A19103F-16F7-4668-BE54-9A1E7A4F7556}") = "HotelProject.WebApi", "WebApi\HotelProject.WebApi\HotelProject.WebApi.csproj", "{8F5861EE-1529-4780-A481-D3C7A35DCFC9}"
EndProject
Project("{9A19103F-16F7-4668-BE54-9A1E7A4F7556}") = "HotelProject.Entity", "WebApi\HotelProject.Entity\HotelProject.Entity.csproj", "{85023C4B-E596-4108-B140-1DC0F1C80397}"
EndProject
Project("{9A19103F-16F7-4668-BE54-9A1E7A4F7556}") = "HotelProject.Data", "WebApi\HotelProject.Data\HotelProject.Data.csproj", "{47806A69-BED1-4CDA-B9E4-12F09DFA2F19}"
EndProject
Project("{9A19103F-16F7-4668-BE54-9A1E7A4F7556}") = "HotelProject.Business", "WebApi\HotelProject.Business\HotelProject.Business.csproj", "{6EF23B44-157E-4969-85B8-6F9040287BC8}"
EndProject
Project("{9A19103F-16F7-4668-BE54-9A1E7A4F7556}") = "HotelProject.Dto", "WebApi\HotelProject.Dto\HotelProject.Dto.csproj", "{43CF7323-CF83-40EF-BA9E-5D8AA695B717}"
EndProject
Project("{9A19103F-16F7-4668-BE54-9A1E7A4F7556}") = "HotelProject.WebUI", "Frontend\HotelProject.WebUI\HotelProject.WebUI.csproj", "{CC0BA612-A89A-441D-B7C8-DA76D56F792A}"
EndProject
Project("{9A19103F-16F7-4668-BE54-9A1E7A4F7556}") = "HotelProject.Core", "WebApi\HotelProject.Core\HotelProject.Core.csproj", "{772525B8-6E27-4D9E-A718-3B0423657068}"
EndProject
Global
	GlobalSection(SolutionConfigurationPlatforms) = preSolution
		Debug|Any CPU = Debug|Any CPU
		Release|Any CPU = Release|Any CPU
	EndGlobalSection
	GlobalSection(ProjectConfigurationPlatforms) = postSolution
		{8F5861EE-1529-4780-A481-D3C7A35DCFC9}.Debug|Any CPU.ActiveCfg = Debug|Any CPU
		{8F5861EE-1529-4780-A481-D3C7A35DCFC9}.Debug|Any CPU.Build.0 = Debug|Any CPU
		{8F5861EE-1529-4780-A481-D3C7A35DCFC9}.Release|Any CPU.ActiveCfg = Release|Any CPU
		{8F5861EE-1529-4780-A481-D3C7A35DCFC9}.Release|Any CPU.Build.0 = Release|Any CPU
		{85023C4B-E596-4108-B140-1DC0F1C80397}.Debug|Any CPU.ActiveCfg = Debug|Any CPU
		{85023C4B-E596-4108-B140-1DC0F1C80397}.Debug|Any CPU.Build.0 = Debug|Any CPU
		{85023C4B-E596-4108-B140-1DC0F1C80397}.Release|Any CPU.ActiveCfg = Release|Any CPU
		{85023C4B-E596-4108-B140-1DC0F1C80397}.Release|Any CPU.Build.0 = Release|Any CPU
		{47806A69-BED1-4CDA-B9E4-12F09DFA2F19}.Debug|Any CPU.ActiveCfg = Debug|Any CPU
		{47806A69-BED1-4CDA-B9E4-12F09DFA2F19}.Debug|Any CPU.Build.0 = Debug|Any CPU
		{47806A69-BED1-4CDA-B9E4-12F09DFA2F19}.Release|Any CPU.ActiveCfg = Release|Any CPU
		{47806A69-BED1-4CDA-B9E4-12F09DFA2F19}.Release|Any CPU.Build.0 = Release|Any CPU
		{6EF23B44-157E-4969-85B8-6F9040287BC8}.Debug|Any CPU.ActiveCfg = Debug|Any CPU
		{6EF23B44-157E-4969-85B8-6F9040287BC8}.Debug|Any CPU.Build.0 = Debug|Any CPU
		{6EF23B44-157E-4969-85B8-6F9040287BC8}.Release|Any CPU.ActiveCfg = Release|Any CPU
		{6EF23B44-157E-4969-85B8-6F9040287BC8}.Release|Any CPU.Build.0 = Release|Any CPU
		{43CF7323-CF83-40EF-BA9E-5D8AA695B717}.Debug|Any CPU.ActiveCfg = Debug|Any CPU
		{43CF7323-CF83-40EF-BA9E-5D8AA695B717}.Debug|Any CPU.Build.0 = Debug|Any CPU
		{43CF7323-CF83-40EF-BA9E-5D8AA695B717}.Release|Any CPU.ActiveCfg = Release|Any CPU
		{43CF7323-CF83-40EF-BA9E-5D8AA695B717}.Release|Any CPU.Build.0 = Release|Any CPU
		{CC0BA612-A89A-441D-B7C8-DA76D56F792A}.Debug|Any CPU.ActiveCfg = Debug|Any CPU
		{CC0BA612-A89A-441D-B7C8-DA76D56F792A}.Debug|Any CPU.Build.0 = Debug|Any CPU
		{CC0BA612-A89A-441D-B7C8-DA76D56F792A}.Release|Any CPU.ActiveCfg = Release|Any CPU
		{CC0BA612-A89A-441D-B7C8-DA76D56F792A}.Release|Any CPU.Build.0 = Release|Any CPU
		{772525B8-6E27-4D9E-A718-3B0423657068}.Debug|Any CPU.ActiveCfg = Debug|Any CPU
		{772525B8-6E27-4D9E-A718-3B0423657068}.Debug|Any CPU.Build.0 = Debug|Any CPU
		{772525B8-6E27-4D9E-A718-3B0423657068}.Release|Any CPU.ActiveCfg = Release|Any CPU
		{772525B8-6E27-4D9E-A718-3B0423657068}.Release|Any CPU.Build.0 = Release|Any CPU
	EndGlobalSection
	GlobalSection(SolutionProperties) = preSolution
		HideSolutionNode = FALSE
	EndGlobalSection
	GlobalSection(NestedProjects) = preSolution
		{8F5861EE-1529-4780-A481-D3C7A35DCFC9} = {58C0ED2F-426C-4CBD-AA82-36D73C33E344}
		{85023C4B-E596-4108-B140-1DC0F1C80397} = {58C0ED2F-426C-4CBD-AA82-36D73C33E344}
		{47806A69-BED1-4CDA-B9E4-12F09DFA2F19} = {58C0ED2F-426C-4CBD-AA82-36D73C33E344}
		{6EF23B44-157E-4969-85B8-6F9040287BC8} = {58C0ED2F-426C-4CBD-AA82-36D73C33E344}
		{43CF7323-CF83-40EF-BA9E-5D8AA695B717} = {58C0ED2F-426C-4CBD-AA82-36D73C33E344}
		{CC0BA612-A89A-441D-B7C8-DA76D56F792A} = {02E4BF8B-2B8F-4716-AEBD-78BF42B5C8AE}
		{772525B8-6E27-4D9E-A718-3B0423657068} = {58C0ED2F-426C-4CBD-AA82-36D73C33E344}
	EndGlobalSection
	GlobalSection(ExtensibilityGlobals) = postSolution
		SolutionGuid = {066AFBEA-B931-48D7-BFF8-66C03C2C4D93}
	EndGlobalSection
EndGlobal
